
Microsoft Visual Studio Solution File, Format Version 12.00
Project("{FAE04EC0-301F-11D3-BF4B-00C04F79EFBC}") = "IronPythonASP", "IronPythonASP\IronPythonASP.csproj", "{EEF7DC95-EBDA-4984-9C6D-2A019342A50E}"
EndProject
Global
	GlobalSection(SolutionConfigurationPlatforms) = preSolution
		Debug|Any CPU = Debug|Any CPU
		Release|Any CPU = Release|Any CPU
	EndGlobalSection
	GlobalSection(ProjectConfigurationPlatforms) = postSolution
		{EEF7DC95-EBDA-4984-9C6D-2A019342A50E}.Debug|Any CPU.ActiveCfg = Debug|Any CPU
		{EEF7DC95-EBDA-4984-9C6D-2A019342A50E}.Debug|Any CPU.Build.0 = Debug|Any CPU
		{EEF7DC95-EBDA-4984-9C6D-2A019342A50E}.Release|Any CPU.ActiveCfg = Release|Any CPU
		{EEF7DC95-EBDA-4984-9C6D-2A019342A50E}.Release|Any CPU.Build.0 = Release|Any CPU
	EndGlobalSection
EndGlobal
